
Microsoft Visual Studio Solution File, Format Version 12.00
# Visual Studio Version 17
VisualStudioVersion = 17.11.35222.181
MinimumVisualStudioVersion = 10.0.40219.1
Project("{FAE04EC0-301F-11D3-BF4B-00C04F79EFBC}") = "5M05SortowanieBabelkowe", "5M05SortowanieBabelkowe\5M05SortowanieBabelkowe.csproj", "{23148531-D1FA-4726-B70A-8ADADCA4234C}"
EndProject
Global
	GlobalSection(SolutionConfigurationPlatforms) = preSolution
		Debug|Any CPU = Debug|Any CPU
		Release|Any CPU = Release|Any CPU
	EndGlobalSection
	GlobalSection(ProjectConfigurationPlatforms) = postSolution
		{23148531-D1FA-4726-B70A-8ADADCA4234C}.Debug|Any CPU.ActiveCfg = Debug|Any CPU
		{23148531-D1FA-4726-B70A-8ADADCA4234C}.Debug|Any CPU.Build.0 = Debug|Any CPU
		{23148531-D1FA-4726-B70A-8ADADCA4234C}.Release|Any CPU.ActiveCfg = Release|Any CPU
		{23148531-D1FA-4726-B70A-8ADADCA4234C}.Release|Any CPU.Build.0 = Release|Any CPU
	EndGlobalSection
	GlobalSection(SolutionProperties) = preSolution
		HideSolutionNode = FALSE
	EndGlobalSection
	GlobalSection(ExtensibilityGlobals) = postSolution
		SolutionGuid = {73CDEEBF-2D1B-415B-B31A-EBF18B1989C1}
	EndGlobalSection
EndGlobal
